
Microsoft Visual Studio Solution File, Format Version 12.00
# Visual Studio 14
VisualStudioVersion = 14.0.25420.1
MinimumVisualStudioVersion = 10.0.40219.1
Project("{FAE04EC0-301F-11D3-BF4B-00C04F79EFBC}") = "XamlList.Droid", "XamlList\XamlList.Droid\XamlList.Droid.csproj", "{DBECC987-B481-4115-B6B1-756DAABC5053}"
EndProject
Project("{FAE04EC0-301F-11D3-BF4B-00C04F79EFBC}") = "XamlList.iOS", "XamlList\XamlList.iOS\XamlList.iOS.csproj", "{07F5DBEC-2396-44D0-A3C8-C373D6500062}"
EndProject
Project("{FAE04EC0-301F-11D3-BF4B-00C04F79EFBC}") = "XamlList.WinPhone", "XamlList\XamlList.WinPhone\XamlList.WinPhone.csproj", "{592939E5-0C03-4D4D-9FDB-D090D065AF9F}"
EndProject
Project("{FAE04EC0-301F-11D3-BF4B-00C04F79EFBC}") = "XamlList.UWP", "XamlList\XamlList.UWP\XamlList.UWP.csproj", "{A7AE9A4E-5308-4197-B004-7370F0B57A88}"
EndProject
Project("{FAE04EC0-301F-11D3-BF4B-00C04F79EFBC}") = "XamlList.Windows", "XamlList\XamlList.Windows\XamlList.Windows.csproj", "{ECFDF2BA-CD15-466F-A278-7B6BEAD0C269}"
EndProject
Project("{FAE04EC0-301F-11D3-BF4B-00C04F79EFBC}") = "XamlList", "XamlList\XamlList\XamlList.csproj", "{E3E9F3A4-1826-491B-8FD7-84F85F3E0414}"
EndProject
Global
	GlobalSection(SolutionConfigurationPlatforms) = preSolution
		Ad-Hoc|Any CPU = Ad-Hoc|Any CPU
		Ad-Hoc|ARM = Ad-Hoc|ARM
		Ad-Hoc|iPhone = Ad-Hoc|iPhone
		Ad-Hoc|iPhoneSimulator = Ad-Hoc|iPhoneSimulator
		Ad-Hoc|x64 = Ad-Hoc|x64
		Ad-Hoc|x86 = Ad-Hoc|x86
		AppStore|Any CPU = AppStore|Any CPU
		AppStore|ARM = AppStore|ARM
		AppStore|iPhone = AppStore|iPhone
		AppStore|iPhoneSimulator = AppStore|iPhoneSimulator
		AppStore|x64 = AppStore|x64
		AppStore|x86 = AppStore|x86
		Debug|Any CPU = Debug|Any CPU
		Debug|ARM = Debug|ARM
		Debug|iPhone = Debug|iPhone
		Debug|iPhoneSimulator = Debug|iPhoneSimulator
		Debug|x64 = Debug|x64
		Debug|x86 = Debug|x86
		Release|Any CPU = Release|Any CPU
		Release|ARM = Release|ARM
		Release|iPhone = Release|iPhone
		Release|iPhoneSimulator = Release|iPhoneSimulator
		Release|x64 = Release|x64
		Release|x86 = Release|x86
	EndGlobalSection
	GlobalSection(ProjectConfigurationPlatforms) = postSolution
		{DBECC987-B481-4115-B6B1-756DAABC5053}.Ad-Hoc|Any CPU.ActiveCfg = Release|Any CPU
		{DBECC987-B481-4115-B6B1-756DAABC5053}.Ad-Hoc|Any CPU.Build.0 = Release|Any CPU
		{DBECC987-B481-4115-B6B1-756DAABC5053}.Ad-Hoc|Any CPU.Deploy.0 = Release|Any CPU
		{DBECC987-B481-4115-B6B1-756DAABC5053}.Ad-Hoc|ARM.ActiveCfg = Release|Any CPU
		{DBECC987-B481-4115-B6B1-756DAABC5053}.Ad-Hoc|ARM.Build.0 = Release|Any CPU
		{DBECC987-B481-4115-B6B1-756DAABC5053}.Ad-Hoc|ARM.Deploy.0 = Release|Any CPU
		{DBECC987-B481-4115-B6B1-756DAABC5053}.Ad-Hoc|iPhone.ActiveCfg = Release|Any CPU
		{DBECC987-B481-4115-B6B1-756DAABC5053}.Ad-Hoc|iPhone.Build.0 = Release|Any CPU
		{DBECC987-B481-4115-B6B1-756DAABC5053}.Ad-Hoc|iPhone.Deploy.0 = Release|Any CPU
		{DBECC987-B481-4115-B6B1-756DAABC5053}.Ad-Hoc|iPhoneSimulator.ActiveCfg = Release|Any CPU
		{DBECC987-B481-4115-B6B1-756DAABC5053}.Ad-Hoc|iPhoneSimulator.Build.0 = Release|Any CPU
		{DBECC987-B481-4115-B6B1-756DAABC5053}.Ad-Hoc|iPhoneSimulator.Deploy.0 = Release|Any CPU
		{DBECC987-B481-4115-B6B1-756DAABC5053}.Ad-Hoc|x64.ActiveCfg = Release|Any CPU
		{DBECC987-B481-4115-B6B1-756DAABC5053}.Ad-Hoc|x64.Build.0 = Release|Any CPU
		{DBECC987-B481-4115-B6B1-756DAABC5053}.Ad-Hoc|x64.Deploy.0 = Release|Any CPU
		{DBECC987-B481-4115-B6B1-756DAABC5053}.Ad-Hoc|x86.ActiveCfg = Release|Any CPU
		{DBECC987-B481-4115-B6B1-756DAABC5053}.Ad-Hoc|x86.Build.0 = Release|Any CPU
		{DBECC987-B481-4115-B6B1-756DAABC5053}.Ad-Hoc|x86.Deploy.0 = Release|Any CPU
		{DBECC987-B481-4115-B6B1-756DAABC5053}.AppStore|Any CPU.ActiveCfg = Release|Any CPU
		{DBECC987-B481-4115-B6B1-756DAABC5053}.AppStore|Any CPU.Build.0 = Release|Any CPU
		{DBECC987-B481-4115-B6B1-756DAABC5053}.AppStore|Any CPU.Deploy.0 = Release|Any CPU
		{DBECC987-B481-4115-B6B1-756DAABC5053}.AppStore|ARM.ActiveCfg = Release|Any CPU
		{DBECC987-B481-4115-B6B1-756DAABC5053}.AppStore|ARM.Build.0 = Release|Any CPU
		{DBECC987-B481-4115-B6B1-756DAABC5053}.AppStore|ARM.Deploy.0 = Release|Any CPU
		{DBECC987-B481-4115-B6B1-756DAABC5053}.AppStore|iPhone.ActiveCfg = Release|Any CPU
		{DBECC987-B481-4115-B6B1-756DAABC5053}.AppStore|iPhone.Build.0 = Release|Any CPU
		{DBECC987-B481-4115-B6B1-756DAABC5053}.AppStore|iPhone.Deploy.0 = Release|Any CPU
		{DBECC987-B481-4115-B6B1-756DAABC5053}.AppStore|iPhoneSimulator.ActiveCfg = Release|Any CPU
		{DBECC987-B481-4115-B6B1-756DAABC5053}.AppStore|iPhoneSimulator.Build.0 = Release|Any CPU
		{DBECC987-B481-4115-B6B1-756DAABC5053}.AppStore|iPhoneSimulator.Deploy.0 = Release|Any CPU
		{DBECC987-B481-4115-B6B1-756DAABC5053}.AppStore|x64.ActiveCfg = Release|Any CPU
		{DBECC987-B481-4115-B6B1-756DAABC5053}.AppStore|x64.Build.0 = Release|Any CPU
		{DBECC987-B481-4115-B6B1-756DAABC5053}.AppStore|x64.Deploy.0 = Release|Any CPU
		{DBECC987-B481-4115-B6B1-756DAABC5053}.AppStore|x86.ActiveCfg = Release|Any CPU
		{DBECC987-B481-4115-B6B1-756DAABC5053}.AppStore|x86.Build.0 = Release|Any CPU
		{DBECC987-B481-4115-B6B1-756DAABC5053}.AppStore|x86.Deploy.0 = Release|Any CPU
		{DBECC987-B481-4115-B6B1-756DAABC5053}.Debug|Any CPU.ActiveCfg = Debug|Any CPU
		{DBECC987-B481-4115-B6B1-756DAABC5053}.Debug|Any CPU.Build.0 = Debug|Any CPU
		{DBECC987-B481-4115-B6B1-756DAABC5053}.Debug|Any CPU.Deploy.0 = Debug|Any CPU
		{DBECC987-B481-4115-B6B1-756DAABC5053}.Debug|ARM.ActiveCfg = Debug|Any CPU
		{DBECC987-B481-4115-B6B1-756DAABC5053}.Debug|ARM.Build.0 = Debug|Any CPU
		{DBECC987-B481-4115-B6B1-756DAABC5053}.Debug|ARM.Deploy.0 = Debug|Any CPU
		{DBECC987-B481-4115-B6B1-756DAABC5053}.Debug|iPhone.ActiveCfg = Debug|Any CPU
		{DBECC987-B481-4115-B6B1-756DAABC5053}.Debug|iPhone.Build.0 = Debug|Any CPU
		{DBECC987-B481-4115-B6B1-756DAABC5053}.Debug|iPhone.Deploy.0 = Debug|Any CPU
		{DBECC987-B481-4115-B6B1-756DAABC5053}.Debug|iPhoneSimulator.ActiveCfg = Debug|Any CPU
		{DBECC987-B481-4115-B6B1-756DAABC5053}.Debug|iPhoneSimulator.Build.0 = Debug|Any CPU
		{DBECC987-B481-4115-B6B1-756DAABC5053}.Debug|iPhoneSimulator.Deploy.0 = Debug|Any CPU
		{DBECC987-B481-4115-B6B1-756DAABC5053}.Debug|x64.ActiveCfg = Debug|Any CPU
		{DBECC987-B481-4115-B6B1-756DAABC5053}.Debug|x64.Build.0 = Debug|Any CPU
		{DBECC987-B481-4115-B6B1-756DAABC5053}.Debug|x64.Deploy.0 = Debug|Any CPU
		{DBECC987-B481-4115-B6B1-756DAABC5053}.Debug|x86.ActiveCfg = Debug|Any CPU
		{DBECC987-B481-4115-B6B1-756DAABC5053}.Debug|x86.Build.0 = Debug|Any CPU
		{DBECC987-B481-4115-B6B1-756DAABC5053}.Debug|x86.Deploy.0 = Debug|Any CPU
		{DBECC987-B481-4115-B6B1-756DAABC5053}.Release|Any CPU.ActiveCfg = Release|Any CPU
		{DBECC987-B481-4115-B6B1-756DAABC5053}.Release|Any CPU.Build.0 = Release|Any CPU
		{DBECC987-B481-4115-B6B1-756DAABC5053}.Release|Any CPU.Deploy.0 = Release|Any CPU
		{DBECC987-B481-4115-B6B1-756DAABC5053}.Release|ARM.ActiveCfg = Release|Any CPU
		{DBECC987-B481-4115-B6B1-756DAABC5053}.Release|ARM.Build.0 = Release|Any CPU
		{DBECC987-B481-4115-B6B1-756DAABC5053}.Release|ARM.Deploy.0 = Release|Any CPU
		{DBECC987-B481-4115-B6B1-756DAABC5053}.Release|iPhone.ActiveCfg = Release|Any CPU
		{DBECC987-B481-4115-B6B1-756DAABC5053}.Release|iPhone.Build.0 = Release|Any CPU
		{DBECC987-B481-4115-B6B1-756DAABC5053}.Release|iPhone.Deploy.0 = Release|Any CPU
		{DBECC987-B481-4115-B6B1-756DAABC5053}.Release|iPhoneSimulator.ActiveCfg = Release|Any CPU
		{DBECC987-B481-4115-B6B1-756DAABC5053}.Release|iPhoneSimulator.Build.0 = Release|Any CPU
		{DBECC987-B481-4115-B6B1-756DAABC5053}.Release|iPhoneSimulator.Deploy.0 = Release|Any CPU
		{DBECC987-B481-4115-B6B1-756DAABC5053}.Release|x64.ActiveCfg = Release|Any CPU
		{DBECC987-B481-4115-B6B1-756DAABC5053}.Release|x64.Build.0 = Release|Any CPU
		{DBECC987-B481-4115-B6B1-756DAABC5053}.Release|x64.Deploy.0 = Release|Any CPU
		{DBECC987-B481-4115-B6B1-756DAABC5053}.Release|x86.ActiveCfg = Release|Any CPU
		{DBECC987-B481-4115-B6B1-756DAABC5053}.Release|x86.Build.0 = Release|Any CPU
		{DBECC987-B481-4115-B6B1-756DAABC5053}.Release|x86.Deploy.0 = Release|Any CPU
		{07F5DBEC-2396-44D0-A3C8-C373D6500062}.Ad-Hoc|Any CPU.ActiveCfg = Ad-Hoc|iPhone
		{07F5DBEC-2396-44D0-A3C8-C373D6500062}.Ad-Hoc|ARM.ActiveCfg = Ad-Hoc|iPhone
		{07F5DBEC-2396-44D0-A3C8-C373D6500062}.Ad-Hoc|iPhone.ActiveCfg = Ad-Hoc|iPhone
		{07F5DBEC-2396-44D0-A3C8-C373D6500062}.Ad-Hoc|iPhone.Build.0 = Ad-Hoc|iPhone
		{07F5DBEC-2396-44D0-A3C8-C373D6500062}.Ad-Hoc|iPhoneSimulator.ActiveCfg = Ad-Hoc|iPhoneSimulator
		{07F5DBEC-2396-44D0-A3C8-C373D6500062}.Ad-Hoc|iPhoneSimulator.Build.0 = Ad-Hoc|iPhoneSimulator
		{07F5DBEC-2396-44D0-A3C8-C373D6500062}.Ad-Hoc|x64.ActiveCfg = Ad-Hoc|iPhone
		{07F5DBEC-2396-44D0-A3C8-C373D6500062}.Ad-Hoc|x86.ActiveCfg = Ad-Hoc|iPhone
		{07F5DBEC-2396-44D0-A3C8-C373D6500062}.AppStore|Any CPU.ActiveCfg = AppStore|iPhone
		{07F5DBEC-2396-44D0-A3C8-C373D6500062}.AppStore|ARM.ActiveCfg = AppStore|iPhone
		{07F5DBEC-2396-44D0-A3C8-C373D6500062}.AppStore|iPhone.ActiveCfg = AppStore|iPhone
		{07F5DBEC-2396-44D0-A3C8-C373D6500062}.AppStore|iPhone.Build.0 = AppStore|iPhone
		{07F5DBEC-2396-44D0-A3C8-C373D6500062}.AppStore|iPhoneSimulator.ActiveCfg = AppStore|iPhoneSimulator
		{07F5DBEC-2396-44D0-A3C8-C373D6500062}.AppStore|iPhoneSimulator.Build.0 = AppStore|iPhoneSimulator
		{07F5DBEC-2396-44D0-A3C8-C373D6500062}.AppStore|x64.ActiveCfg = AppStore|iPhone
		{07F5DBEC-2396-44D0-A3C8-C373D6500062}.AppStore|x86.ActiveCfg = AppStore|iPhone
		{07F5DBEC-2396-44D0-A3C8-C373D6500062}.Debug|Any CPU.ActiveCfg = Debug|iPhone
		{07F5DBEC-2396-44D0-A3C8-C373D6500062}.Debug|ARM.ActiveCfg = Debug|iPhone
		{07F5DBEC-2396-44D0-A3C8-C373D6500062}.Debug|iPhone.ActiveCfg = Debug|iPhone
		{07F5DBEC-2396-44D0-A3C8-C373D6500062}.Debug|iPhone.Build.0 = Debug|iPhone
		{07F5DBEC-2396-44D0-A3C8-C373D6500062}.Debug|iPhoneSimulator.ActiveCfg = Debug|iPhoneSimulator
		{07F5DBEC-2396-44D0-A3C8-C373D6500062}.Debug|iPhoneSimulator.Build.0 = Debug|iPhoneSimulator
		{07F5DBEC-2396-44D0-A3C8-C373D6500062}.Debug|x64.ActiveCfg = Debug|iPhone
		{07F5DBEC-2396-44D0-A3C8-C373D6500062}.Debug|x86.ActiveCfg = Debug|iPhone
		{07F5DBEC-2396-44D0-A3C8-C373D6500062}.Release|Any CPU.ActiveCfg = Release|iPhone
		{07F5DBEC-2396-44D0-A3C8-C373D6500062}.Release|ARM.ActiveCfg = Release|iPhone
		{07F5DBEC-2396-44D0-A3C8-C373D6500062}.Release|iPhone.ActiveCfg = Release|iPhone
		{07F5DBEC-2396-44D0-A3C8-C373D6500062}.Release|iPhone.Build.0 = Release|iPhone
		{07F5DBEC-2396-44D0-A3C8-C373D6500062}.Release|iPhoneSimulator.ActiveCfg = Release|iPhoneSimulator
		{07F5DBEC-2396-44D0-A3C8-C373D6500062}.Release|iPhoneSimulator.Build.0 = Release|iPhoneSimulator
		{07F5DBEC-2396-44D0-A3C8-C373D6500062}.Release|x64.ActiveCfg = Release|iPhone
		{07F5DBEC-2396-44D0-A3C8-C373D6500062}.Release|x86.ActiveCfg = Release|iPhone
		{592939E5-0C03-4D4D-9FDB-D090D065AF9F}.Ad-Hoc|Any CPU.ActiveCfg = Release|Any CPU
		{592939E5-0C03-4D4D-9FDB-D090D065AF9F}.Ad-Hoc|Any CPU.Build.0 = Release|Any CPU
		{592939E5-0C03-4D4D-9FDB-D090D065AF9F}.Ad-Hoc|Any CPU.Deploy.0 = Release|Any CPU
		{592939E5-0C03-4D4D-9FDB-D090D065AF9F}.Ad-Hoc|ARM.ActiveCfg = Release|ARM
		{592939E5-0C03-4D4D-9FDB-D090D065AF9F}.Ad-Hoc|ARM.Build.0 = Release|ARM
		{592939E5-0C03-4D4D-9FDB-D090D065AF9F}.Ad-Hoc|ARM.Deploy.0 = Release|ARM
		{592939E5-0C03-4D4D-9FDB-D090D065AF9F}.Ad-Hoc|iPhone.ActiveCfg = Release|Any CPU
		{592939E5-0C03-4D4D-9FDB-D090D065AF9F}.Ad-Hoc|iPhone.Build.0 = Release|Any CPU
		{592939E5-0C03-4D4D-9FDB-D090D065AF9F}.Ad-Hoc|iPhone.Deploy.0 = Release|Any CPU
		{592939E5-0C03-4D4D-9FDB-D090D065AF9F}.Ad-Hoc|iPhoneSimulator.ActiveCfg = Release|Any CPU
		{592939E5-0C03-4D4D-9FDB-D090D065AF9F}.Ad-Hoc|iPhoneSimulator.Build.0 = Release|Any CPU
		{592939E5-0C03-4D4D-9FDB-D090D065AF9F}.Ad-Hoc|iPhoneSimulator.Deploy.0 = Release|Any CPU
		{592939E5-0C03-4D4D-9FDB-D090D065AF9F}.Ad-Hoc|x64.ActiveCfg = Release|Any CPU
		{592939E5-0C03-4D4D-9FDB-D090D065AF9F}.Ad-Hoc|x64.Build.0 = Release|Any CPU
		{592939E5-0C03-4D4D-9FDB-D090D065AF9F}.Ad-Hoc|x64.Deploy.0 = Release|Any CPU
		{592939E5-0C03-4D4D-9FDB-D090D065AF9F}.Ad-Hoc|x86.ActiveCfg = Release|x86
		{592939E5-0C03-4D4D-9FDB-D090D065AF9F}.Ad-Hoc|x86.Build.0 = Release|x86
		{592939E5-0C03-4D4D-9FDB-D090D065AF9F}.Ad-Hoc|x86.Deploy.0 = Release|x86
		{592939E5-0C03-4D4D-9FDB-D090D065AF9F}.AppStore|Any CPU.ActiveCfg = Release|Any CPU
		{592939E5-0C03-4D4D-9FDB-D090D065AF9F}.AppStore|Any CPU.Build.0 = Release|Any CPU
		{592939E5-0C03-4D4D-9FDB-D090D065AF9F}.AppStore|Any CPU.Deploy.0 = Release|Any CPU
		{592939E5-0C03-4D4D-9FDB-D090D065AF9F}.AppStore|ARM.ActiveCfg = Release|ARM
		{592939E5-0C03-4D4D-9FDB-D090D065AF9F}.AppStore|ARM.Build.0 = Release|ARM
		{592939E5-0C03-4D4D-9FDB-D090D065AF9F}.AppStore|ARM.Deploy.0 = Release|ARM
		{592939E5-0C03-4D4D-9FDB-D090D065AF9F}.AppStore|iPhone.ActiveCfg = Release|Any CPU
		{592939E5-0C03-4D4D-9FDB-D090D065AF9F}.AppStore|iPhone.Build.0 = Release|Any CPU
		{592939E5-0C03-4D4D-9FDB-D090D065AF9F}.AppStore|iPhone.Deploy.0 = Release|Any CPU
		{592939E5-0C03-4D4D-9FDB-D090D065AF9F}.AppStore|iPhoneSimulator.ActiveCfg = Release|Any CPU
		{592939E5-0C03-4D4D-9FDB-D090D065AF9F}.AppStore|iPhoneSimulator.Build.0 = Release|Any CPU
		{592939E5-0C03-4D4D-9FDB-D090D065AF9F}.AppStore|iPhoneSimulator.Deploy.0 = Release|Any CPU
		{592939E5-0C03-4D4D-9FDB-D090D065AF9F}.AppStore|x64.ActiveCfg = Release|Any CPU
		{592939E5-0C03-4D4D-9FDB-D090D065AF9F}.AppStore|x64.Build.0 = Release|Any CPU
		{592939E5-0C03-4D4D-9FDB-D090D065AF9F}.AppStore|x64.Deploy.0 = Release|Any CPU
		{592939E5-0C03-4D4D-9FDB-D090D065AF9F}.AppStore|x86.ActiveCfg = Release|x86
		{592939E5-0C03-4D4D-9FDB-D090D065AF9F}.AppStore|x86.Build.0 = Release|x86
		{592939E5-0C03-4D4D-9FDB-D090D065AF9F}.AppStore|x86.Deploy.0 = Release|x86
		{592939E5-0C03-4D4D-9FDB-D090D065AF9F}.Debug|Any CPU.ActiveCfg = Debug|Any CPU
		{592939E5-0C03-4D4D-9FDB-D090D065AF9F}.Debug|Any CPU.Build.0 = Debug|Any CPU
		{592939E5-0C03-4D4D-9FDB-D090D065AF9F}.Debug|Any CPU.Deploy.0 = Debug|Any CPU
		{592939E5-0C03-4D4D-9FDB-D090D065AF9F}.Debug|ARM.ActiveCfg = Debug|ARM
		{592939E5-0C03-4D4D-9FDB-D090D065AF9F}.Debug|ARM.Build.0 = Debug|ARM
		{592939E5-0C03-4D4D-9FDB-D090D065AF9F}.Debug|ARM.Deploy.0 = Debug|ARM
		{592939E5-0C03-4D4D-9FDB-D090D065AF9F}.Debug|iPhone.ActiveCfg = Debug|Any CPU
		{592939E5-0C03-4D4D-9FDB-D090D065AF9F}.Debug|iPhone.Build.0 = Debug|Any CPU
		{592939E5-0C03-4D4D-9FDB-D090D065AF9F}.Debug|iPhone.Deploy.0 = Debug|Any CPU
		{592939E5-0C03-4D4D-9FDB-D090D065AF9F}.Debug|iPhoneSimulator.ActiveCfg = Debug|Any CPU
		{592939E5-0C03-4D4D-9FDB-D090D065AF9F}.Debug|iPhoneSimulator.Build.0 = Debug|Any CPU
		{592939E5-0C03-4D4D-9FDB-D090D065AF9F}.Debug|iPhoneSimulator.Deploy.0 = Debug|Any CPU
		{592939E5-0C03-4D4D-9FDB-D090D065AF9F}.Debug|x64.ActiveCfg = Debug|Any CPU
		{592939E5-0C03-4D4D-9FDB-D090D065AF9F}.Debug|x64.Build.0 = Debug|Any CPU
		{592939E5-0C03-4D4D-9FDB-D090D065AF9F}.Debug|x64.Deploy.0 = Debug|Any CPU
		{592939E5-0C03-4D4D-9FDB-D090D065AF9F}.Debug|x86.ActiveCfg = Debug|x86
		{592939E5-0C03-4D4D-9FDB-D090D065AF9F}.Debug|x86.Build.0 = Debug|x86
		{592939E5-0C03-4D4D-9FDB-D090D065AF9F}.Debug|x86.Deploy.0 = Debug|x86
		{592939E5-0C03-4D4D-9FDB-D090D065AF9F}.Release|Any CPU.ActiveCfg = Release|Any CPU
		{592939E5-0C03-4D4D-9FDB-D090D065AF9F}.Release|Any CPU.Build.0 = Release|Any CPU
		{592939E5-0C03-4D4D-9FDB-D090D065AF9F}.Release|Any CPU.Deploy.0 = Release|Any CPU
		{592939E5-0C03-4D4D-9FDB-D090D065AF9F}.Release|ARM.ActiveCfg = Release|ARM
		{592939E5-0C03-4D4D-9FDB-D090D065AF9F}.Release|ARM.Build.0 = Release|ARM
		{592939E5-0C03-4D4D-9FDB-D090D065AF9F}.Release|ARM.Deploy.0 = Release|ARM
		{592939E5-0C03-4D4D-9FDB-D090D065AF9F}.Release|iPhone.ActiveCfg = Release|Any CPU
		{592939E5-0C03-4D4D-9FDB-D090D065AF9F}.Release|iPhone.Build.0 = Release|Any CPU
		{592939E5-0C03-4D4D-9FDB-D090D065AF9F}.Release|iPhone.Deploy.0 = Release|Any CPU
		{592939E5-0C03-4D4D-9FDB-D090D065AF9F}.Release|iPhoneSimulator.ActiveCfg = Release|Any CPU
		{592939E5-0C03-4D4D-9FDB-D090D065AF9F}.Release|iPhoneSimulator.Build.0 = Release|Any CPU
		{592939E5-0C03-4D4D-9FDB-D090D065AF9F}.Release|iPhoneSimulator.Deploy.0 = Release|Any CPU
		{592939E5-0C03-4D4D-9FDB-D090D065AF9F}.Release|x64.ActiveCfg = Release|Any CPU
		{592939E5-0C03-4D4D-9FDB-D090D065AF9F}.Release|x64.Build.0 = Release|Any CPU
		{592939E5-0C03-4D4D-9FDB-D090D065AF9F}.Release|x64.Deploy.0 = Release|Any CPU
		{592939E5-0C03-4D4D-9FDB-D090D065AF9F}.Release|x86.ActiveCfg = Release|x86
		{592939E5-0C03-4D4D-9FDB-D090D065AF9F}.Release|x86.Build.0 = Release|x86
		{592939E5-0C03-4D4D-9FDB-D090D065AF9F}.Release|x86.Deploy.0 = Release|x86
		{A7AE9A4E-5308-4197-B004-7370F0B57A88}.Ad-Hoc|Any CPU.ActiveCfg = Release|x86
		{A7AE9A4E-5308-4197-B004-7370F0B57A88}.Ad-Hoc|Any CPU.Build.0 = Release|x86
		{A7AE9A4E-5308-4197-B004-7370F0B57A88}.Ad-Hoc|Any CPU.Deploy.0 = Release|x86
		{A7AE9A4E-5308-4197-B004-7370F0B57A88}.Ad-Hoc|ARM.ActiveCfg = Release|ARM
		{A7AE9A4E-5308-4197-B004-7370F0B57A88}.Ad-Hoc|ARM.Build.0 = Release|ARM
		{A7AE9A4E-5308-4197-B004-7370F0B57A88}.Ad-Hoc|ARM.Deploy.0 = Release|ARM
		{A7AE9A4E-5308-4197-B004-7370F0B57A88}.Ad-Hoc|iPhone.ActiveCfg = Release|x86
		{A7AE9A4E-5308-4197-B004-7370F0B57A88}.Ad-Hoc|iPhone.Build.0 = Release|x86
		{A7AE9A4E-5308-4197-B004-7370F0B57A88}.Ad-Hoc|iPhone.Deploy.0 = Release|x86
		{A7AE9A4E-5308-4197-B004-7370F0B57A88}.Ad-Hoc|iPhoneSimulator.ActiveCfg = Release|x86
		{A7AE9A4E-5308-4197-B004-7370F0B57A88}.Ad-Hoc|iPhoneSimulator.Build.0 = Release|x86
		{A7AE9A4E-5308-4197-B004-7370F0B57A88}.Ad-Hoc|iPhoneSimulator.Deploy.0 = Release|x86
		{A7AE9A4E-5308-4197-B004-7370F0B57A88}.Ad-Hoc|x64.ActiveCfg = Release|x64
		{A7AE9A4E-5308-4197-B004-7370F0B57A88}.Ad-Hoc|x64.Build.0 = Release|x64
		{A7AE9A4E-5308-4197-B004-7370F0B57A88}.Ad-Hoc|x64.Deploy.0 = Release|x64
		{A7AE9A4E-5308-4197-B004-7370F0B57A88}.Ad-Hoc|x86.ActiveCfg = Release|x86
		{A7AE9A4E-5308-4197-B004-7370F0B57A88}.Ad-Hoc|x86.Build.0 = Release|x86
		{A7AE9A4E-5308-4197-B004-7370F0B57A88}.Ad-Hoc|x86.Deploy.0 = Release|x86
		{A7AE9A4E-5308-4197-B004-7370F0B57A88}.AppStore|Any CPU.ActiveCfg = Release|x86
		{A7AE9A4E-5308-4197-B004-7370F0B57A88}.AppStore|Any CPU.Build.0 = Release|x86
		{A7AE9A4E-5308-4197-B004-7370F0B57A88}.AppStore|Any CPU.Deploy.0 = Release|x86
		{A7AE9A4E-5308-4197-B004-7370F0B57A88}.AppStore|ARM.ActiveCfg = Release|ARM
		{A7AE9A4E-5308-4197-B004-7370F0B57A88}.AppStore|ARM.Build.0 = Release|ARM
		{A7AE9A4E-5308-4197-B004-7370F0B57A88}.AppStore|ARM.Deploy.0 = Release|ARM
		{A7AE9A4E-5308-4197-B004-7370F0B57A88}.AppStore|iPhone.ActiveCfg = Release|x86
		{A7AE9A4E-5308-4197-B004-7370F0B57A88}.AppStore|iPhone.Build.0 = Release|x86
		{A7AE9A4E-5308-4197-B004-7370F0B57A88}.AppStore|iPhone.Deploy.0 = Release|x86
		{A7AE9A4E-5308-4197-B004-7370F0B57A88}.AppStore|iPhoneSimulator.ActiveCfg = Release|x86
		{A7AE9A4E-5308-4197-B004-7370F0B57A88}.AppStore|iPhoneSimulator.Build.0 = Release|x86
		{A7AE9A4E-5308-4197-B004-7370F0B57A88}.AppStore|iPhoneSimulator.Deploy.0 = Release|x86
		{A7AE9A4E-5308-4197-B004-7370F0B57A88}.AppStore|x64.ActiveCfg = Release|x64
		{A7AE9A4E-5308-4197-B004-7370F0B57A88}.AppStore|x64.Build.0 = Release|x64
		{A7AE9A4E-5308-4197-B004-7370F0B57A88}.AppStore|x64.Deploy.0 = Release|x64
		{A7AE9A4E-5308-4197-B004-7370F0B57A88}.AppStore|x86.ActiveCfg = Release|x86
		{A7AE9A4E-5308-4197-B004-7370F0B57A88}.AppStore|x86.Build.0 = Release|x86
		{A7AE9A4E-5308-4197-B004-7370F0B57A88}.AppStore|x86.Deploy.0 = Release|x86
		{A7AE9A4E-5308-4197-B004-7370F0B57A88}.Debug|Any CPU.ActiveCfg = Debug|x86
		{A7AE9A4E-5308-4197-B004-7370F0B57A88}.Debug|ARM.ActiveCfg = Debug|ARM
		{A7AE9A4E-5308-4197-B004-7370F0B57A88}.Debug|ARM.Build.0 = Debug|ARM
		{A7AE9A4E-5308-4197-B004-7370F0B57A88}.Debug|ARM.Deploy.0 = Debug|ARM
		{A7AE9A4E-5308-4197-B004-7370F0B57A88}.Debug|iPhone.ActiveCfg = Debug|x86
		{A7AE9A4E-5308-4197-B004-7370F0B57A88}.Debug|iPhoneSimulator.ActiveCfg = Debug|x86
		{A7AE9A4E-5308-4197-B004-7370F0B57A88}.Debug|x64.ActiveCfg = Debug|x64
		{A7AE9A4E-5308-4197-B004-7370F0B57A88}.Debug|x64.Build.0 = Debug|x64
		{A7AE9A4E-5308-4197-B004-7370F0B57A88}.Debug|x64.Deploy.0 = Debug|x64
		{A7AE9A4E-5308-4197-B004-7370F0B57A88}.Debug|x86.ActiveCfg = Debug|x86
		{A7AE9A4E-5308-4197-B004-7370F0B57A88}.Debug|x86.Build.0 = Debug|x86
		{A7AE9A4E-5308-4197-B004-7370F0B57A88}.Debug|x86.Deploy.0 = Debug|x86
		{A7AE9A4E-5308-4197-B004-7370F0B57A88}.Release|Any CPU.ActiveCfg = Release|x86
		{A7AE9A4E-5308-4197-B004-7370F0B57A88}.Release|ARM.ActiveCfg = Release|ARM
		{A7AE9A4E-5308-4197-B004-7370F0B57A88}.Release|ARM.Build.0 = Release|ARM
		{A7AE9A4E-5308-4197-B004-7370F0B57A88}.Release|ARM.Deploy.0 = Release|ARM
		{A7AE9A4E-5308-4197-B004-7370F0B57A88}.Release|iPhone.ActiveCfg = Release|x86
		{A7AE9A4E-5308-4197-B004-7370F0B57A88}.Release|iPhoneSimulator.ActiveCfg = Release|x86
		{A7AE9A4E-5308-4197-B004-7370F0B57A88}.Release|x64.ActiveCfg = Release|x64
		{A7AE9A4E-5308-4197-B004-7370F0B57A88}.Release|x64.Build.0 = Release|x64
		{A7AE9A4E-5308-4197-B004-7370F0B57A88}.Release|x64.Deploy.0 = Release|x64
		{A7AE9A4E-5308-4197-B004-7370F0B57A88}.Release|x86.ActiveCfg = Release|x86
		{A7AE9A4E-5308-4197-B004-7370F0B57A88}.Release|x86.Build.0 = Release|x86
		{A7AE9A4E-5308-4197-B004-7370F0B57A88}.Release|x86.Deploy.0 = Release|x86
		{ECFDF2BA-CD15-466F-A278-7B6BEAD0C269}.Ad-Hoc|Any CPU.ActiveCfg = Release|Any CPU
		{ECFDF2BA-CD15-466F-A278-7B6BEAD0C269}.Ad-Hoc|Any CPU.Build.0 = Release|Any CPU
		{ECFDF2BA-CD15-466F-A278-7B6BEAD0C269}.Ad-Hoc|Any CPU.Deploy.0 = Release|Any CPU
		{ECFDF2BA-CD15-466F-A278-7B6BEAD0C269}.Ad-Hoc|ARM.ActiveCfg = Release|ARM
		{ECFDF2BA-CD15-466F-A278-7B6BEAD0C269}.Ad-Hoc|ARM.Build.0 = Release|ARM
		{ECFDF2BA-CD15-466F-A278-7B6BEAD0C269}.Ad-Hoc|ARM.Deploy.0 = Release|ARM
		{ECFDF2BA-CD15-466F-A278-7B6BEAD0C269}.Ad-Hoc|iPhone.ActiveCfg = Release|Any CPU
		{ECFDF2BA-CD15-466F-A278-7B6BEAD0C269}.Ad-Hoc|iPhone.Build.0 = Release|Any CPU
		{ECFDF2BA-CD15-466F-A278-7B6BEAD0C269}.Ad-Hoc|iPhone.Deploy.0 = Release|Any CPU
		{ECFDF2BA-CD15-466F-A278-7B6BEAD0C269}.Ad-Hoc|iPhoneSimulator.ActiveCfg = Release|Any CPU
		{ECFDF2BA-CD15-466F-A278-7B6BEAD0C269}.Ad-Hoc|iPhoneSimulator.Build.0 = Release|Any CPU
		{ECFDF2BA-CD15-466F-A278-7B6BEAD0C269}.Ad-Hoc|iPhoneSimulator.Deploy.0 = Release|Any CPU
		{ECFDF2BA-CD15-466F-A278-7B6BEAD0C269}.Ad-Hoc|x64.ActiveCfg = Release|x64
		{ECFDF2BA-CD15-466F-A278-7B6BEAD0C269}.Ad-Hoc|x64.Build.0 = Release|x64
		{ECFDF2BA-CD15-466F-A278-7B6BEAD0C269}.Ad-Hoc|x64.Deploy.0 = Release|x64
		{ECFDF2BA-CD15-466F-A278-7B6BEAD0C269}.Ad-Hoc|x86.ActiveCfg = Release|x86
		{ECFDF2BA-CD15-466F-A278-7B6BEAD0C269}.Ad-Hoc|x86.Build.0 = Release|x86
		{ECFDF2BA-CD15-466F-A278-7B6BEAD0C269}.Ad-Hoc|x86.Deploy.0 = Release|x86
		{ECFDF2BA-CD15-466F-A278-7B6BEAD0C269}.AppStore|Any CPU.ActiveCfg = Release|Any CPU
		{ECFDF2BA-CD15-466F-A278-7B6BEAD0C269}.AppStore|Any CPU.Build.0 = Release|Any CPU
		{ECFDF2BA-CD15-466F-A278-7B6BEAD0C269}.AppStore|Any CPU.Deploy.0 = Release|Any CPU
		{ECFDF2BA-CD15-466F-A278-7B6BEAD0C269}.AppStore|ARM.ActiveCfg = Release|ARM
		{ECFDF2BA-CD15-466F-A278-7B6BEAD0C269}.AppStore|ARM.Build.0 = Release|ARM
		{ECFDF2BA-CD15-466F-A278-7B6BEAD0C269}.AppStore|ARM.Deploy.0 = Release|ARM
		{ECFDF2BA-CD15-466F-A278-7B6BEAD0C269}.AppStore|iPhone.ActiveCfg = Release|Any CPU
		{ECFDF2BA-CD15-466F-A278-7B6BEAD0C269}.AppStore|iPhone.Build.0 = Release|Any CPU
		{ECFDF2BA-CD15-466F-A278-7B6BEAD0C269}.AppStore|iPhone.Deploy.0 = Release|Any CPU
		{ECFDF2BA-CD15-466F-A278-7B6BEAD0C269}.AppStore|iPhoneSimulator.ActiveCfg = Release|Any CPU
		{ECFDF2BA-CD15-466F-A278-7B6BEAD0C269}.AppStore|iPhoneSimulator.Build.0 = Release|Any CPU
		{ECFDF2BA-CD15-466F-A278-7B6BEAD0C269}.AppStore|iPhoneSimulator.Deploy.0 = Release|Any CPU
		{ECFDF2BA-CD15-466F-A278-7B6BEAD0C269}.AppStore|x64.ActiveCfg = Release|x64
		{ECFDF2BA-CD15-466F-A278-7B6BEAD0C269}.AppStore|x64.Build.0 = Release|x64
		{ECFDF2BA-CD15-466F-A278-7B6BEAD0C269}.AppStore|x64.Deploy.0 = Release|x64
		{ECFDF2BA-CD15-466F-A278-7B6BEAD0C269}.AppStore|x86.ActiveCfg = Release|x86
		{ECFDF2BA-CD15-466F-A278-7B6BEAD0C269}.AppStore|x86.Build.0 = Release|x86
		{ECFDF2BA-CD15-466F-A278-7B6BEAD0C269}.AppStore|x86.Deploy.0 = Release|x86
		{ECFDF2BA-CD15-466F-A278-7B6BEAD0C269}.Debug|Any CPU.ActiveCfg = Debug|Any CPU
		{ECFDF2BA-CD15-466F-A278-7B6BEAD0C269}.Debug|Any CPU.Build.0 = Debug|Any CPU
		{ECFDF2BA-CD15-466F-A278-7B6BEAD0C269}.Debug|Any CPU.Deploy.0 = Debug|Any CPU
		{ECFDF2BA-CD15-466F-A278-7B6BEAD0C269}.Debug|ARM.ActiveCfg = Debug|ARM
		{ECFDF2BA-CD15-466F-A278-7B6BEAD0C269}.Debug|ARM.Build.0 = Debug|ARM
		{ECFDF2BA-CD15-466F-A278-7B6BEAD0C269}.Debug|ARM.Deploy.0 = Debug|ARM
		{ECFDF2BA-CD15-466F-A278-7B6BEAD0C269}.Debug|iPhone.ActiveCfg = Debug|Any CPU
		{ECFDF2BA-CD15-466F-A278-7B6BEAD0C269}.Debug|iPhone.Build.0 = Debug|Any CPU
		{ECFDF2BA-CD15-466F-A278-7B6BEAD0C269}.Debug|iPhone.Deploy.0 = Debug|Any CPU
		{ECFDF2BA-CD15-466F-A278-7B6BEAD0C269}.Debug|iPhoneSimulator.ActiveCfg = Debug|Any CPU
		{ECFDF2BA-CD15-466F-A278-7B6BEAD0C269}.Debug|iPhoneSimulator.Build.0 = Debug|Any CPU
		{ECFDF2BA-CD15-466F-A278-7B6BEAD0C269}.Debug|iPhoneSimulator.Deploy.0 = Debug|Any CPU
		{ECFDF2BA-CD15-466F-A278-7B6BEAD0C269}.Debug|x64.ActiveCfg = Debug|x64
		{ECFDF2BA-CD15-466F-A278-7B6BEAD0C269}.Debug|x64.Build.0 = Debug|x64
		{ECFDF2BA-CD15-466F-A278-7B6BEAD0C269}.Debug|x64.Deploy.0 = Debug|x64
		{ECFDF2BA-CD15-466F-A278-7B6BEAD0C269}.Debug|x86.ActiveCfg = Debug|x86
		{ECFDF2BA-CD15-466F-A278-7B6BEAD0C269}.Debug|x86.Build.0 = Debug|x86
		{ECFDF2BA-CD15-466F-A278-7B6BEAD0C269}.Debug|x86.Deploy.0 = Debug|x86
		{ECFDF2BA-CD15-466F-A278-7B6BEAD0C269}.Release|Any CPU.ActiveCfg = Release|Any CPU
		{ECFDF2BA-CD15-466F-A278-7B6BEAD0C269}.Release|Any CPU.Build.0 = Release|Any CPU
		{ECFDF2BA-CD15-466F-A278-7B6BEAD0C269}.Release|Any CPU.Deploy.0 = Release|Any CPU
		{ECFDF2BA-CD15-466F-A278-7B6BEAD0C269}.Release|ARM.ActiveCfg = Release|ARM
		{ECFDF2BA-CD15-466F-A278-7B6BEAD0C269}.Release|ARM.Build.0 = Release|ARM
		{ECFDF2BA-CD15-466F-A278-7B6BEAD0C269}.Release|ARM.Deploy.0 = Release|ARM
		{ECFDF2BA-CD15-466F-A278-7B6BEAD0C269}.Release|iPhone.ActiveCfg = Release|Any CPU
		{ECFDF2BA-CD15-466F-A278-7B6BEAD0C269}.Release|iPhone.Build.0 = Release|Any CPU
		{ECFDF2BA-CD15-466F-A278-7B6BEAD0C269}.Release|iPhone.Deploy.0 = Release|Any CPU
		{ECFDF2BA-CD15-466F-A278-7B6BEAD0C269}.Release|iPhoneSimulator.ActiveCfg = Release|Any CPU
		{ECFDF2BA-CD15-466F-A278-7B6BEAD0C269}.Release|iPhoneSimulator.Build.0 = Release|Any CPU
		{ECFDF2BA-CD15-466F-A278-7B6BEAD0C269}.Release|iPhoneSimulator.Deploy.0 = Release|Any CPU
		{ECFDF2BA-CD15-466F-A278-7B6BEAD0C269}.Release|x64.ActiveCfg = Release|x64
		{ECFDF2BA-CD15-466F-A278-7B6BEAD0C269}.Release|x64.Build.0 = Release|x64
		{ECFDF2BA-CD15-466F-A278-7B6BEAD0C269}.Release|x64.Deploy.0 = Release|x64
		{ECFDF2BA-CD15-466F-A278-7B6BEAD0C269}.Release|x86.ActiveCfg = Release|x86
		{ECFDF2BA-CD15-466F-A278-7B6BEAD0C269}.Release|x86.Build.0 = Release|x86
		{ECFDF2BA-CD15-466F-A278-7B6BEAD0C269}.Release|x86.Deploy.0 = Release|x86
		{E3E9F3A4-1826-491B-8FD7-84F85F3E0414}.Ad-Hoc|Any CPU.ActiveCfg = Release|Any CPU
		{E3E9F3A4-1826-491B-8FD7-84F85F3E0414}.Ad-Hoc|Any CPU.Build.0 = Release|Any CPU
		{E3E9F3A4-1826-491B-8FD7-84F85F3E0414}.Ad-Hoc|ARM.ActiveCfg = Release|Any CPU
		{E3E9F3A4-1826-491B-8FD7-84F85F3E0414}.Ad-Hoc|ARM.Build.0 = Release|Any CPU
		{E3E9F3A4-1826-491B-8FD7-84F85F3E0414}.Ad-Hoc|iPhone.ActiveCfg = Release|Any CPU
		{E3E9F3A4-1826-491B-8FD7-84F85F3E0414}.Ad-Hoc|iPhone.Build.0 = Release|Any CPU
		{E3E9F3A4-1826-491B-8FD7-84F85F3E0414}.Ad-Hoc|iPhoneSimulator.ActiveCfg = Release|Any CPU
		{E3E9F3A4-1826-491B-8FD7-84F85F3E0414}.Ad-Hoc|iPhoneSimulator.Build.0 = Release|Any CPU
		{E3E9F3A4-1826-491B-8FD7-84F85F3E0414}.Ad-Hoc|x64.ActiveCfg = Release|Any CPU
		{E3E9F3A4-1826-491B-8FD7-84F85F3E0414}.Ad-Hoc|x64.Build.0 = Release|Any CPU
		{E3E9F3A4-1826-491B-8FD7-84F85F3E0414}.Ad-Hoc|x86.ActiveCfg = Release|Any CPU
		{E3E9F3A4-1826-491B-8FD7-84F85F3E0414}.Ad-Hoc|x86.Build.0 = Release|Any CPU
		{E3E9F3A4-1826-491B-8FD7-84F85F3E0414}.AppStore|Any CPU.ActiveCfg = Release|Any CPU
		{E3E9F3A4-1826-491B-8FD7-84F85F3E0414}.AppStore|Any CPU.Build.0 = Release|Any CPU
		{E3E9F3A4-1826-491B-8FD7-84F85F3E0414}.AppStore|ARM.ActiveCfg = Release|Any CPU
		{E3E9F3A4-1826-491B-8FD7-84F85F3E0414}.AppStore|ARM.Build.0 = Release|Any CPU
		{E3E9F3A4-1826-491B-8FD7-84F85F3E0414}.AppStore|iPhone.ActiveCfg = Release|Any CPU
		{E3E9F3A4-1826-491B-8FD7-84F85F3E0414}.AppStore|iPhone.Build.0 = Release|Any CPU
		{E3E9F3A4-1826-491B-8FD7-84F85F3E0414}.AppStore|iPhoneSimulator.ActiveCfg = Release|Any CPU
		{E3E9F3A4-1826-491B-8FD7-84F85F3E0414}.AppStore|iPhoneSimulator.Build.0 = Release|Any CPU
		{E3E9F3A4-1826-491B-8FD7-84F85F3E0414}.AppStore|x64.ActiveCfg = Release|Any CPU
		{E3E9F3A4-1826-491B-8FD7-84F85F3E0414}.AppStore|x64.Build.0 = Release|Any CPU
		{E3E9F3A4-1826-491B-8FD7-84F85F3E0414}.AppStore|x86.ActiveCfg = Release|Any CPU
		{E3E9F3A4-1826-491B-8FD7-84F85F3E0414}.AppStore|x86.Build.0 = Release|Any CPU
		{E3E9F3A4-1826-491B-8FD7-84F85F3E0414}.Debug|Any CPU.ActiveCfg = Debug|Any CPU
		{E3E9F3A4-1826-491B-8FD7-84F85F3E0414}.Debug|Any CPU.Build.0 = Debug|Any CPU
		{E3E9F3A4-1826-491B-8FD7-84F85F3E0414}.Debug|ARM.ActiveCfg = Debug|Any CPU
		{E3E9F3A4-1826-491B-8FD7-84F85F3E0414}.Debug|ARM.Build.0 = Debug|Any CPU
		{E3E9F3A4-1826-491B-8FD7-84F85F3E0414}.Debug|iPhone.ActiveCfg = Debug|Any CPU
		{E3E9F3A4-1826-491B-8FD7-84F85F3E0414}.Debug|iPhone.Build.0 = Debug|Any CPU
		{E3E9F3A4-1826-491B-8FD7-84F85F3E0414}.Debug|iPhoneSimulator.ActiveCfg = Debug|Any CPU
		{E3E9F3A4-1826-491B-8FD7-84F85F3E0414}.Debug|iPhoneSimulator.Build.0 = Debug|Any CPU
		{E3E9F3A4-1826-491B-8FD7-84F85F3E0414}.Debug|x64.ActiveCfg = Debug|Any CPU
		{E3E9F3A4-1826-491B-8FD7-84F85F3E0414}.Debug|x64.Build.0 = Debug|Any CPU
		{E3E9F3A4-1826-491B-8FD7-84F85F3E0414}.Debug|x86.ActiveCfg = Debug|Any CPU
		{E3E9F3A4-1826-491B-8FD7-84F85F3E0414}.Debug|x86.Build.0 = Debug|Any CPU
		{E3E9F3A4-1826-491B-8FD7-84F85F3E0414}.Release|Any CPU.ActiveCfg = Release|Any CPU
		{E3E9F3A4-1826-491B-8FD7-84F85F3E0414}.Release|Any CPU.Build.0 = Release|Any CPU
		{E3E9F3A4-1826-491B-8FD7-84F85F3E0414}.Release|ARM.ActiveCfg = Release|Any CPU
		{E3E9F3A4-1826-491B-8FD7-84F85F3E0414}.Release|ARM.Build.0 = Release|Any CPU
		{E3E9F3A4-1826-491B-8FD7-84F85F3E0414}.Release|iPhone.ActiveCfg = Release|Any CPU
		{E3E9F3A4-1826-491B-8FD7-84F85F3E0414}.Release|iPhone.Build.0 = Release|Any CPU
		{E3E9F3A4-1826-491B-8FD7-84F85F3E0414}.Release|iPhoneSimulator.ActiveCfg = Release|Any CPU
		{E3E9F3A4-1826-491B-8FD7-84F85F3E0414}.Release|iPhoneSimulator.Build.0 = Release|Any CPU
		{E3E9F3A4-1826-491B-8FD7-84F85F3E0414}.Release|x64.ActiveCfg = Release|Any CPU
		{E3E9F3A4-1826-491B-8FD7-84F85F3E0414}.Release|x64.Build.0 = Release|Any CPU
		{E3E9F3A4-1826-491B-8FD7-84F85F3E0414}.Release|x86.ActiveCfg = Release|Any CPU
		{E3E9F3A4-1826-491B-8FD7-84F85F3E0414}.Release|x86.Build.0 = Release|Any CPU
	EndGlobalSection
	GlobalSection(SolutionProperties) = preSolution
		HideSolutionNode = FALSE
	EndGlobalSection
EndGlobal
